
Microsoft Visual Studio Solution File, Format Version 12.00
# Visual Studio 2013
VisualStudioVersion = 12.0.30501.0
MinimumVisualStudioVersion = 10.0.40219.1
Project("{F2A71F9B-5D33-465A-A702-920D77279786}") = "fable", "fable\fable.fsproj", "{3AD018AF-2FBE-4DEB-9CF2-5230B56310A1}"
EndProject
Project("{F2A71F9B-5D33-465A-A702-920D77279786}") = "fable.tests", "fable.tests\fable.tests.fsproj", "{BE840108-8067-4132-A1D9-169154E54C1F}"
EndProject
Global
	GlobalSection(SolutionConfigurationPlatforms) = preSolution
		Debug|Any CPU = Debug|Any CPU
		Release|Any CPU = Release|Any CPU
	EndGlobalSection
	GlobalSection(ProjectConfigurationPlatforms) = postSolution
		{3AD018AF-2FBE-4DEB-9CF2-5230B56310A1}.Debug|Any CPU.ActiveCfg = Debug|Any CPU
		{3AD018AF-2FBE-4DEB-9CF2-5230B56310A1}.Debug|Any CPU.Build.0 = Debug|Any CPU
		{3AD018AF-2FBE-4DEB-9CF2-5230B56310A1}.Release|Any CPU.ActiveCfg = Release|Any CPU
		{3AD018AF-2FBE-4DEB-9CF2-5230B56310A1}.Release|Any CPU.Build.0 = Release|Any CPU
		{BE840108-8067-4132-A1D9-169154E54C1F}.Debug|Any CPU.ActiveCfg = Debug|Any CPU
		{BE840108-8067-4132-A1D9-169154E54C1F}.Debug|Any CPU.Build.0 = Debug|Any CPU
		{BE840108-8067-4132-A1D9-169154E54C1F}.Release|Any CPU.ActiveCfg = Release|Any CPU
		{BE840108-8067-4132-A1D9-169154E54C1F}.Release|Any CPU.Build.0 = Release|Any CPU
	EndGlobalSection
	GlobalSection(SolutionProperties) = preSolution
		HideSolutionNode = FALSE
	EndGlobalSection
EndGlobal
